
Microsoft Visual Studio Solution File, Format Version 12.00
# Visual Studio Version 16
VisualStudioVersion = 16.0.28917.181
MinimumVisualStudioVersion = 10.0.40219.1
Project("{9A19103F-16F7-4668-BE54-9A1E7A4F7556}") = "ClickView.GoodStuff.Repositories.Abstractions", "src\Repositories\Abstractions\src\ClickView.GoodStuff.Repositories.Abstractions.csproj", "{992BC5AC-F31F-494A-974B-859332D28EB9}"
EndProject
Project("{2150E333-8FDC-42A3-9474-1A3956D46DE8}") = "Repositories", "Repositories", "{17A5F05F-B3EB-4011-A58C-BB1BB7995692}"
EndProject
Project("{9A19103F-16F7-4668-BE54-9A1E7A4F7556}") = "ClickView.GoodStuff.Repositories.MySql", "src\Repositories\MySql\src\ClickView.GoodStuff.Repositories.MySql.csproj", "{87102E9F-7E89-4A39-A039-EE610824B671}"
EndProject
Project("{2150E333-8FDC-42A3-9474-1A3956D46DE8}") = "MySql", "MySql", "{BBBCE886-F029-442F-AC97-EE52C7D64374}"
EndProject
Project("{9A19103F-16F7-4668-BE54-9A1E7A4F7556}") = "ClickView.GoodStuff.Repositories.MySql.Tests", "src\Repositories\MySql\test\ClickView.GoodStuff.Repositories.MySql.Tests\ClickView.GoodStuff.Repositories.MySql.Tests.csproj", "{51EB1C69-AF7E-45FA-A66A-CCE36E8B1054}"
EndProject
Project("{2150E333-8FDC-42A3-9474-1A3956D46DE8}") = "Tests", "Tests", "{AB082902-29A9-4B30-8FBE-FF66F3DE31FD}"
EndProject
Project("{9A19103F-16F7-4668-BE54-9A1E7A4F7556}") = "ClickView.GoodStuff.Tests.Abstractions", "src\Tests\Abstractions\src\ClickView.GoodStuff.Tests.Abstractions.csproj", "{9D37CE28-5836-49AA-8D4A-AFA9D5F28066}"
EndProject
Project("{9A19103F-16F7-4668-BE54-9A1E7A4F7556}") = "ClickView.GoodStuff.Tests.xUnit", "src\Tests\xUnit\src\ClickView.GoodStuff.Tests.xUnit.csproj", "{646A2DE4-1378-4CA8-A860-540B9020A4E4}"
EndProject
Project("{2150E333-8FDC-42A3-9474-1A3956D46DE8}") = "MsSql", "MsSql", "{38F6761B-FAA5-479C-9C68-2CA660164D36}"
EndProject
Project("{9A19103F-16F7-4668-BE54-9A1E7A4F7556}") = "ClickView.GoodStuff.Repositories.MsSql", "src\Repositories\MsSql\src\ClickView.GoodStuff.Repositories.MsSql.csproj", "{EE991636-363C-4F8E-A783-C91B0281622C}"
EndProject
Project("{9A19103F-16F7-4668-BE54-9A1E7A4F7556}") = "ClickView.GoodStuff.Repositories.MsSql.Tests", "src\Repositories\MsSql\test\ClickView.GoodStuff.Repositories.MsSql.Tests\ClickView.GoodStuff.Repositories.MsSql.Tests.csproj", "{3756676A-A65F-4317-BE7B-E8514D679396}"
EndProject
Project("{9A19103F-16F7-4668-BE54-9A1E7A4F7556}") = "ClickView.GoodStuff.Repositories.MySql.TestApp", "src\Repositories\MySql\test\ClickView.GoodStuff.Repositories.MySql.TestApp\ClickView.GoodStuff.Repositories.MySql.TestApp.csproj", "{FCC9314F-2B3C-4DE2-A967-66A457090B74}"
EndProject
Project("{2150E333-8FDC-42A3-9474-1A3956D46DE8}") = "AspNetCore", "AspNetCore", "{3D5037A8-592E-4EF8-AAC4-BA763CACBF1B}"
EndProject
Project("{9A19103F-16F7-4668-BE54-9A1E7A4F7556}") = "ClickView.GoodStuff.AspNetCore", "src\AspNetCore\AspNetCore\src\ClickView.GoodStuff.AspNetCore.csproj", "{74A3CF27-CBE9-4C90-9AD5-E72440C320E7}"
EndProject
Project("{9A19103F-16F7-4668-BE54-9A1E7A4F7556}") = "ClickView.GoodStuff.AspNetCore.Tests", "src\AspNetCore\AspNetCore\test\ClickView.GoodStuff.AspNetCore.Tests.csproj", "{4E7C5178-8392-4BBF-9E48-606FDE5812E6}"
EndProject
Project("{2150E333-8FDC-42A3-9474-1A3956D46DE8}") = "Authentication", "Authentication", "{750E529F-6E4B-4F52-9391-434D53454ACC}"
EndProject
Project("{9A19103F-16F7-4668-BE54-9A1E7A4F7556}") = "ClickView.GoodStuff.AspNetCore.Authentication.Abstractions", "src\AspNetCore\Authentication\Abstractions\src\ClickView.GoodStuff.AspNetCore.Authentication.Abstractions.csproj", "{7BA37D6F-75A1-43EF-A322-1181D3510277}"
EndProject
Project("{9A19103F-16F7-4668-BE54-9A1E7A4F7556}") = "ClickView.GoodStuff.AspNetCore.Authentication", "src\AspNetCore\Authentication\Authentication\src\ClickView.GoodStuff.AspNetCore.Authentication.csproj", "{EDA2C10A-BA5C-4DDE-A07D-46A17787CA68}"
EndProject
Project("{9A19103F-16F7-4668-BE54-9A1E7A4F7556}") = "ClickView.GoodStuff.AspNetCore.Authentication.StackExchangeRedis", "src\AspNetCore\Authentication\StackExchangeRedis\src\ClickView.GoodStuff.AspNetCore.Authentication.StackExchangeRedis.csproj", "{71977E1E-18F8-474D-B176-DEEF2EA15B86}"
EndProject
Project("{9A19103F-16F7-4668-BE54-9A1E7A4F7556}") = "ClickView.GoodStuff.AspNetCore.Authentication.StackExchangeRedis.Tests", "src\AspNetCore\Authentication\StackExchangeRedis\test\ClickView.GoodStuff.AspNetCore.Authentication.StackExchangeRedis.Tests.csproj", "{FCBBE773-D8EE-4A32-B33F-49C2023DB09E}"
EndProject
Project("{2150E333-8FDC-42A3-9474-1A3956D46DE8}") = "StackExchangeRedis", "StackExchangeRedis", "{57CCEE73-25C9-4267-9D57-92A1AB22092F}"
EndProject
Project("{2150E333-8FDC-42A3-9474-1A3956D46DE8}") = "_Solution Items", "_Solution Items", "{A9533DB9-A1E9-4376-806E-926176FD9B13}"
	ProjectSection(SolutionItems) = preProject
		Directory.Build.props = Directory.Build.props
		.editorconfig = .editorconfig
	EndProjectSection
EndProject
Project("{2150E333-8FDC-42A3-9474-1A3956D46DE8}") = "Id Generators", "Id Generators", "{9478C56E-C226-4DD9-AC2E-0A4E9085414D}"
EndProject
Project("{2150E333-8FDC-42A3-9474-1A3956D46DE8}") = "Abstractions", "Abstractions", "{046FE4C7-4E48-4CD5-BF39-3AF8110DA1C9}"
EndProject
Project("{2150E333-8FDC-42A3-9474-1A3956D46DE8}") = "Serialization", "Serialization", "{E164F5C1-C2B7-42BF-A147-EB15C7CCB8E3}"
EndProject
Project("{2150E333-8FDC-42A3-9474-1A3956D46DE8}") = "IdGen", "IdGen", "{0578918C-A83D-4FB0-BFD8-50639DB46AF0}"
EndProject
Project("{FAE04EC0-301F-11D3-BF4B-00C04F79EFBC}") = "ClickView.GoodStuff.IdGenerators.Abstractions", "src\IdGenerators\Abstractions\src\ClickView.GoodStuff.IdGenerators.Abstractions.csproj", "{DE288102-8CEF-409D-B612-A62DFF02B45F}"
EndProject
Project("{FAE04EC0-301F-11D3-BF4B-00C04F79EFBC}") = "ClickView.GoodStuff.IdGenerators.IdGen", "src\IdGenerators\IdGen\src\ClickView.GoodStuff.IdGenerators.IdGen.csproj", "{C5B19524-40C1-4003-AFCE-328F5CD034E9}"
EndProject
Project("{FAE04EC0-301F-11D3-BF4B-00C04F79EFBC}") = "ClickView.GoodStuff.IdGenerators.Serialization.SystemTextJson", "src\IdGenerators\Serialization\SystemTextJson\src\ClickView.GoodStuff.IdGenerators.Serialization.SystemTextJson.csproj", "{A76E8A82-AF0E-4706-8A42-70FEE0D128A5}"
EndProject
Project("{FAE04EC0-301F-11D3-BF4B-00C04F79EFBC}") = "ClickView.GoodStuff.IdGenerators.IdGen.Tests", "src\IdGenerators\IdGen\test\ClickView.GoodStuff.IdGenerators.IdGen.Tests.csproj", "{FED685BF-255A-4ED1-80ED-B7596ABC337B}"
EndProject
Project("{FAE04EC0-301F-11D3-BF4B-00C04F79EFBC}") = "ClickView.GoodStuff.IdGenerators.Abstractions.Tests", "src\IdGenerators\Abstractions\test\ClickView.GoodStuff.IdGenerators.Abstractions.Tests.csproj", "{292AD84D-B42C-4DB6-882A-509860B4754F}"
EndProject
Project("{2150E333-8FDC-42A3-9474-1A3956D46DE8}") = "GitHub", "GitHub", "{63D140DE-F2A6-4644-9A1A-ABA3F2314C0A}"
	ProjectSection(SolutionItems) = preProject
		.github\workflows\build.yaml = .github\workflows\build.yaml
		.github\workflows\release.yaml = .github\workflows\release.yaml
	EndProjectSection
EndProject
Project("{2150E333-8FDC-42A3-9474-1A3956D46DE8}") = "MaxMind", "MaxMind", "{1397DF9B-D909-42D0-A789-9696918D9096}"
EndProject
Project("{FAE04EC0-301F-11D3-BF4B-00C04F79EFBC}") = "ClickView.GoodStuff.AspNetCore.MaxMind", "src\AspNetCore\MaxMind\src\ClickView.GoodStuff.AspNetCore.MaxMind.csproj", "{3D8D61D6-49FF-4CE4-8636-5EB6AC9F45BB}"
EndProject
Project("{FAE04EC0-301F-11D3-BF4B-00C04F79EFBC}") = "ClickView.GoodStuff.AspNetCore.MaxMind.Tests", "src\AspNetCore\MaxMind\test\ClickView.GoodStuff.AspNetCore.MaxMind.Tests.csproj", "{7A661646-E121-4B09-AAF8-2D3173193585}"
EndProject
Project("{2150E333-8FDC-42A3-9474-1A3956D46DE8}") = "Queues", "Queues", "{41CD17D6-2B4C-4E27-9ABB-D21A6276BE7A}"
EndProject
Project("{FAE04EC0-301F-11D3-BF4B-00C04F79EFBC}") = "ClickView.GoodStuff.Queues.RabbitMq", "src\Queues\RabbitMq\src\ClickView.GoodStuff.Queues.RabbitMq.csproj", "{B3CB4EF7-91A9-42E3-8174-590CC1CE5209}"
EndProject
Global
	GlobalSection(SolutionConfigurationPlatforms) = preSolution
		Debug|Any CPU = Debug|Any CPU
		Release|Any CPU = Release|Any CPU
	EndGlobalSection
	GlobalSection(ProjectConfigurationPlatforms) = postSolution
		{992BC5AC-F31F-494A-974B-859332D28EB9}.Debug|Any CPU.ActiveCfg = Debug|Any CPU
		{992BC5AC-F31F-494A-974B-859332D28EB9}.Debug|Any CPU.Build.0 = Debug|Any CPU
		{992BC5AC-F31F-494A-974B-859332D28EB9}.Release|Any CPU.ActiveCfg = Release|Any CPU
		{992BC5AC-F31F-494A-974B-859332D28EB9}.Release|Any CPU.Build.0 = Release|Any CPU
		{87102E9F-7E89-4A39-A039-EE610824B671}.Debug|Any CPU.ActiveCfg = Debug|Any CPU
		{87102E9F-7E89-4A39-A039-EE610824B671}.Debug|Any CPU.Build.0 = Debug|Any CPU
		{87102E9F-7E89-4A39-A039-EE610824B671}.Release|Any CPU.ActiveCfg = Release|Any CPU
		{87102E9F-7E89-4A39-A039-EE610824B671}.Release|Any CPU.Build.0 = Release|Any CPU
		{51EB1C69-AF7E-45FA-A66A-CCE36E8B1054}.Debug|Any CPU.ActiveCfg = Debug|Any CPU
		{51EB1C69-AF7E-45FA-A66A-CCE36E8B1054}.Debug|Any CPU.Build.0 = Debug|Any CPU
		{51EB1C69-AF7E-45FA-A66A-CCE36E8B1054}.Release|Any CPU.ActiveCfg = Release|Any CPU
		{51EB1C69-AF7E-45FA-A66A-CCE36E8B1054}.Release|Any CPU.Build.0 = Release|Any CPU
		{9D37CE28-5836-49AA-8D4A-AFA9D5F28066}.Debug|Any CPU.ActiveCfg = Debug|Any CPU
		{9D37CE28-5836-49AA-8D4A-AFA9D5F28066}.Debug|Any CPU.Build.0 = Debug|Any CPU
		{9D37CE28-5836-49AA-8D4A-AFA9D5F28066}.Release|Any CPU.ActiveCfg = Release|Any CPU
		{9D37CE28-5836-49AA-8D4A-AFA9D5F28066}.Release|Any CPU.Build.0 = Release|Any CPU
		{646A2DE4-1378-4CA8-A860-540B9020A4E4}.Debug|Any CPU.ActiveCfg = Debug|Any CPU
		{646A2DE4-1378-4CA8-A860-540B9020A4E4}.Debug|Any CPU.Build.0 = Debug|Any CPU
		{646A2DE4-1378-4CA8-A860-540B9020A4E4}.Release|Any CPU.ActiveCfg = Release|Any CPU
		{646A2DE4-1378-4CA8-A860-540B9020A4E4}.Release|Any CPU.Build.0 = Release|Any CPU
		{EE991636-363C-4F8E-A783-C91B0281622C}.Debug|Any CPU.ActiveCfg = Debug|Any CPU
		{EE991636-363C-4F8E-A783-C91B0281622C}.Debug|Any CPU.Build.0 = Debug|Any CPU
		{EE991636-363C-4F8E-A783-C91B0281622C}.Release|Any CPU.ActiveCfg = Release|Any CPU
		{EE991636-363C-4F8E-A783-C91B0281622C}.Release|Any CPU.Build.0 = Release|Any CPU
		{3756676A-A65F-4317-BE7B-E8514D679396}.Debug|Any CPU.ActiveCfg = Debug|Any CPU
		{3756676A-A65F-4317-BE7B-E8514D679396}.Debug|Any CPU.Build.0 = Debug|Any CPU
		{3756676A-A65F-4317-BE7B-E8514D679396}.Release|Any CPU.ActiveCfg = Release|Any CPU
		{3756676A-A65F-4317-BE7B-E8514D679396}.Release|Any CPU.Build.0 = Release|Any CPU
		{FCC9314F-2B3C-4DE2-A967-66A457090B74}.Debug|Any CPU.ActiveCfg = Debug|Any CPU
		{FCC9314F-2B3C-4DE2-A967-66A457090B74}.Debug|Any CPU.Build.0 = Debug|Any CPU
		{FCC9314F-2B3C-4DE2-A967-66A457090B74}.Release|Any CPU.ActiveCfg = Release|Any CPU
		{FCC9314F-2B3C-4DE2-A967-66A457090B74}.Release|Any CPU.Build.0 = Release|Any CPU
		{74A3CF27-CBE9-4C90-9AD5-E72440C320E7}.Debug|Any CPU.ActiveCfg = Debug|Any CPU
		{74A3CF27-CBE9-4C90-9AD5-E72440C320E7}.Debug|Any CPU.Build.0 = Debug|Any CPU
		{74A3CF27-CBE9-4C90-9AD5-E72440C320E7}.Release|Any CPU.ActiveCfg = Release|Any CPU
		{74A3CF27-CBE9-4C90-9AD5-E72440C320E7}.Release|Any CPU.Build.0 = Release|Any CPU
		{4E7C5178-8392-4BBF-9E48-606FDE5812E6}.Debug|Any CPU.ActiveCfg = Debug|Any CPU
		{4E7C5178-8392-4BBF-9E48-606FDE5812E6}.Debug|Any CPU.Build.0 = Debug|Any CPU
		{4E7C5178-8392-4BBF-9E48-606FDE5812E6}.Release|Any CPU.ActiveCfg = Release|Any CPU
		{4E7C5178-8392-4BBF-9E48-606FDE5812E6}.Release|Any CPU.Build.0 = Release|Any CPU
		{7BA37D6F-75A1-43EF-A322-1181D3510277}.Debug|Any CPU.ActiveCfg = Debug|Any CPU
		{7BA37D6F-75A1-43EF-A322-1181D3510277}.Debug|Any CPU.Build.0 = Debug|Any CPU
		{7BA37D6F-75A1-43EF-A322-1181D3510277}.Release|Any CPU.ActiveCfg = Release|Any CPU
		{7BA37D6F-75A1-43EF-A322-1181D3510277}.Release|Any CPU.Build.0 = Release|Any CPU
		{EDA2C10A-BA5C-4DDE-A07D-46A17787CA68}.Debug|Any CPU.ActiveCfg = Debug|Any CPU
		{EDA2C10A-BA5C-4DDE-A07D-46A17787CA68}.Debug|Any CPU.Build.0 = Debug|Any CPU
		{EDA2C10A-BA5C-4DDE-A07D-46A17787CA68}.Release|Any CPU.ActiveCfg = Release|Any CPU
		{EDA2C10A-BA5C-4DDE-A07D-46A17787CA68}.Release|Any CPU.Build.0 = Release|Any CPU
		{71977E1E-18F8-474D-B176-DEEF2EA15B86}.Debug|Any CPU.ActiveCfg = Debug|Any CPU
		{71977E1E-18F8-474D-B176-DEEF2EA15B86}.Debug|Any CPU.Build.0 = Debug|Any CPU
		{71977E1E-18F8-474D-B176-DEEF2EA15B86}.Release|Any CPU.ActiveCfg = Release|Any CPU
		{71977E1E-18F8-474D-B176-DEEF2EA15B86}.Release|Any CPU.Build.0 = Release|Any CPU
		{FCBBE773-D8EE-4A32-B33F-49C2023DB09E}.Debug|Any CPU.ActiveCfg = Debug|Any CPU
		{FCBBE773-D8EE-4A32-B33F-49C2023DB09E}.Debug|Any CPU.Build.0 = Debug|Any CPU
		{FCBBE773-D8EE-4A32-B33F-49C2023DB09E}.Release|Any CPU.ActiveCfg = Release|Any CPU
		{FCBBE773-D8EE-4A32-B33F-49C2023DB09E}.Release|Any CPU.Build.0 = Release|Any CPU
		{DE288102-8CEF-409D-B612-A62DFF02B45F}.Debug|Any CPU.ActiveCfg = Debug|Any CPU
		{DE288102-8CEF-409D-B612-A62DFF02B45F}.Debug|Any CPU.Build.0 = Debug|Any CPU
		{DE288102-8CEF-409D-B612-A62DFF02B45F}.Release|Any CPU.ActiveCfg = Release|Any CPU
		{DE288102-8CEF-409D-B612-A62DFF02B45F}.Release|Any CPU.Build.0 = Release|Any CPU
		{C5B19524-40C1-4003-AFCE-328F5CD034E9}.Debug|Any CPU.ActiveCfg = Debug|Any CPU
		{C5B19524-40C1-4003-AFCE-328F5CD034E9}.Debug|Any CPU.Build.0 = Debug|Any CPU
		{C5B19524-40C1-4003-AFCE-328F5CD034E9}.Release|Any CPU.ActiveCfg = Release|Any CPU
		{C5B19524-40C1-4003-AFCE-328F5CD034E9}.Release|Any CPU.Build.0 = Release|Any CPU
		{A76E8A82-AF0E-4706-8A42-70FEE0D128A5}.Debug|Any CPU.ActiveCfg = Debug|Any CPU
		{A76E8A82-AF0E-4706-8A42-70FEE0D128A5}.Debug|Any CPU.Build.0 = Debug|Any CPU
		{A76E8A82-AF0E-4706-8A42-70FEE0D128A5}.Release|Any CPU.ActiveCfg = Release|Any CPU
		{A76E8A82-AF0E-4706-8A42-70FEE0D128A5}.Release|Any CPU.Build.0 = Release|Any CPU
		{FED685BF-255A-4ED1-80ED-B7596ABC337B}.Debug|Any CPU.ActiveCfg = Debug|Any CPU
		{FED685BF-255A-4ED1-80ED-B7596ABC337B}.Debug|Any CPU.Build.0 = Debug|Any CPU
		{FED685BF-255A-4ED1-80ED-B7596ABC337B}.Release|Any CPU.ActiveCfg = Release|Any CPU
		{FED685BF-255A-4ED1-80ED-B7596ABC337B}.Release|Any CPU.Build.0 = Release|Any CPU
		{292AD84D-B42C-4DB6-882A-509860B4754F}.Debug|Any CPU.ActiveCfg = Debug|Any CPU
		{292AD84D-B42C-4DB6-882A-509860B4754F}.Debug|Any CPU.Build.0 = Debug|Any CPU
		{292AD84D-B42C-4DB6-882A-509860B4754F}.Release|Any CPU.ActiveCfg = Release|Any CPU
		{292AD84D-B42C-4DB6-882A-509860B4754F}.Release|Any CPU.Build.0 = Release|Any CPU
		{3D8D61D6-49FF-4CE4-8636-5EB6AC9F45BB}.Debug|Any CPU.ActiveCfg = Debug|Any CPU
		{3D8D61D6-49FF-4CE4-8636-5EB6AC9F45BB}.Debug|Any CPU.Build.0 = Debug|Any CPU
		{3D8D61D6-49FF-4CE4-8636-5EB6AC9F45BB}.Release|Any CPU.ActiveCfg = Release|Any CPU
		{3D8D61D6-49FF-4CE4-8636-5EB6AC9F45BB}.Release|Any CPU.Build.0 = Release|Any CPU
		{7A661646-E121-4B09-AAF8-2D3173193585}.Debug|Any CPU.ActiveCfg = Debug|Any CPU
		{7A661646-E121-4B09-AAF8-2D3173193585}.Debug|Any CPU.Build.0 = Debug|Any CPU
		{7A661646-E121-4B09-AAF8-2D3173193585}.Release|Any CPU.ActiveCfg = Release|Any CPU
		{7A661646-E121-4B09-AAF8-2D3173193585}.Release|Any CPU.Build.0 = Release|Any CPU
		{B3CB4EF7-91A9-42E3-8174-590CC1CE5209}.Debug|Any CPU.ActiveCfg = Debug|Any CPU
		{B3CB4EF7-91A9-42E3-8174-590CC1CE5209}.Debug|Any CPU.Build.0 = Debug|Any CPU
		{B3CB4EF7-91A9-42E3-8174-590CC1CE5209}.Release|Any CPU.ActiveCfg = Release|Any CPU
		{B3CB4EF7-91A9-42E3-8174-590CC1CE5209}.Release|Any CPU.Build.0 = Release|Any CPU
	EndGlobalSection
	GlobalSection(SolutionProperties) = preSolution
		HideSolutionNode = FALSE
	EndGlobalSection
	GlobalSection(NestedProjects) = preSolution
		{992BC5AC-F31F-494A-974B-859332D28EB9} = {17A5F05F-B3EB-4011-A58C-BB1BB7995692}
		{87102E9F-7E89-4A39-A039-EE610824B671} = {BBBCE886-F029-442F-AC97-EE52C7D64374}
		{BBBCE886-F029-442F-AC97-EE52C7D64374} = {17A5F05F-B3EB-4011-A58C-BB1BB7995692}
		{51EB1C69-AF7E-45FA-A66A-CCE36E8B1054} = {BBBCE886-F029-442F-AC97-EE52C7D64374}
		{9D37CE28-5836-49AA-8D4A-AFA9D5F28066} = {AB082902-29A9-4B30-8FBE-FF66F3DE31FD}
		{646A2DE4-1378-4CA8-A860-540B9020A4E4} = {AB082902-29A9-4B30-8FBE-FF66F3DE31FD}
		{38F6761B-FAA5-479C-9C68-2CA660164D36} = {17A5F05F-B3EB-4011-A58C-BB1BB7995692}
		{EE991636-363C-4F8E-A783-C91B0281622C} = {38F6761B-FAA5-479C-9C68-2CA660164D36}
		{3756676A-A65F-4317-BE7B-E8514D679396} = {38F6761B-FAA5-479C-9C68-2CA660164D36}
		{FCC9314F-2B3C-4DE2-A967-66A457090B74} = {BBBCE886-F029-442F-AC97-EE52C7D64374}
		{74A3CF27-CBE9-4C90-9AD5-E72440C320E7} = {3D5037A8-592E-4EF8-AAC4-BA763CACBF1B}
		{4E7C5178-8392-4BBF-9E48-606FDE5812E6} = {3D5037A8-592E-4EF8-AAC4-BA763CACBF1B}
		{750E529F-6E4B-4F52-9391-434D53454ACC} = {3D5037A8-592E-4EF8-AAC4-BA763CACBF1B}
		{7BA37D6F-75A1-43EF-A322-1181D3510277} = {750E529F-6E4B-4F52-9391-434D53454ACC}
		{EDA2C10A-BA5C-4DDE-A07D-46A17787CA68} = {750E529F-6E4B-4F52-9391-434D53454ACC}
		{57CCEE73-25C9-4267-9D57-92A1AB22092F} = {750E529F-6E4B-4F52-9391-434D53454ACC}
		{71977E1E-18F8-474D-B176-DEEF2EA15B86} = {57CCEE73-25C9-4267-9D57-92A1AB22092F}
		{FCBBE773-D8EE-4A32-B33F-49C2023DB09E} = {57CCEE73-25C9-4267-9D57-92A1AB22092F}
		{046FE4C7-4E48-4CD5-BF39-3AF8110DA1C9} = {9478C56E-C226-4DD9-AC2E-0A4E9085414D}
		{E164F5C1-C2B7-42BF-A147-EB15C7CCB8E3} = {9478C56E-C226-4DD9-AC2E-0A4E9085414D}
		{0578918C-A83D-4FB0-BFD8-50639DB46AF0} = {9478C56E-C226-4DD9-AC2E-0A4E9085414D}
		{DE288102-8CEF-409D-B612-A62DFF02B45F} = {046FE4C7-4E48-4CD5-BF39-3AF8110DA1C9}
		{C5B19524-40C1-4003-AFCE-328F5CD034E9} = {0578918C-A83D-4FB0-BFD8-50639DB46AF0}
		{A76E8A82-AF0E-4706-8A42-70FEE0D128A5} = {E164F5C1-C2B7-42BF-A147-EB15C7CCB8E3}
		{FED685BF-255A-4ED1-80ED-B7596ABC337B} = {0578918C-A83D-4FB0-BFD8-50639DB46AF0}
		{292AD84D-B42C-4DB6-882A-509860B4754F} = {046FE4C7-4E48-4CD5-BF39-3AF8110DA1C9}
		{63D140DE-F2A6-4644-9A1A-ABA3F2314C0A} = {A9533DB9-A1E9-4376-806E-926176FD9B13}
		{1397DF9B-D909-42D0-A789-9696918D9096} = {3D5037A8-592E-4EF8-AAC4-BA763CACBF1B}
		{3D8D61D6-49FF-4CE4-8636-5EB6AC9F45BB} = {1397DF9B-D909-42D0-A789-9696918D9096}
		{7A661646-E121-4B09-AAF8-2D3173193585} = {1397DF9B-D909-42D0-A789-9696918D9096}
		{B3CB4EF7-91A9-42E3-8174-590CC1CE5209} = {41CD17D6-2B4C-4E27-9ABB-D21A6276BE7A}
	EndGlobalSection
	GlobalSection(ExtensibilityGlobals) = postSolution
		SolutionGuid = {F935033F-FAFD-48D4-843C-C7C8A9AE6562}
	EndGlobalSection
EndGlobal
